
Microsoft Visual Studio Solution File, Format Version 12.00
# Visual Studio Version 17
VisualStudioVersion = 17.10.35027.167
MinimumVisualStudioVersion = 10.0.40219.1
Project("{FAE04EC0-301F-11D3-BF4B-00C04F79EFBC}") = "BookShop", "BookShop\BookShop.csproj", "{470748D3-98DA-41AD-B80F-55B3B8E1B795}"
EndProject
Global
	GlobalSection(SolutionConfigurationPlatforms) = preSolution
		Debug|Any CPU = Debug|Any CPU
		Release|Any CPU = Release|Any CPU
	EndGlobalSection
	GlobalSection(ProjectConfigurationPlatforms) = postSolution
		{470748D3-98DA-41AD-B80F-55B3B8E1B795}.Debug|Any CPU.ActiveCfg = Debug|Any CPU
		{470748D3-98DA-41AD-B80F-55B3B8E1B795}.Debug|Any CPU.Build.0 = Debug|Any CPU
		{470748D3-98DA-41AD-B80F-55B3B8E1B795}.Release|Any CPU.ActiveCfg = Release|Any CPU
		{470748D3-98DA-41AD-B80F-55B3B8E1B795}.Release|Any CPU.Build.0 = Release|Any CPU
	EndGlobalSection
	GlobalSection(SolutionProperties) = preSolution
		HideSolutionNode = FALSE
	EndGlobalSection
	GlobalSection(ExtensibilityGlobals) = postSolution
		SolutionGuid = {BF878ACF-2CE2-487E-AC48-5E20BB6B6D73}
	EndGlobalSection
EndGlobal
